
Microsoft Visual Studio Solution File, Format Version 12.00
# Visual Studio 15
Project("{FAE04EC0-301F-11D3-BF4B-00C04F79EFBC}") = "ItFollowsTest", "Assembly-CSharp.csproj", "{98B0C208-85A3-A368-0232-7FD22FFDE13B}"
EndProject
Project("{FAE04EC0-301F-11D3-BF4B-00C04F79EFBC}") = "ItFollowsTest", "Assembly-CSharp-Editor.csproj", "{23F39C6E-106B-7906-F156-BAED44A97325}"
EndProject
Global
	GlobalSection(SolutionConfigurationPlatforms) = preSolution
		Debug|Any CPU = Debug|Any CPU
		Release|Any CPU = Release|Any CPU
	EndGlobalSection
	GlobalSection(ProjectConfigurationPlatforms) = postSolution
		{98B0C208-85A3-A368-0232-7FD22FFDE13B}.Debug|Any CPU.ActiveCfg = Debug|Any CPU
		{98B0C208-85A3-A368-0232-7FD22FFDE13B}.Debug|Any CPU.Build.0 = Debug|Any CPU
		{98B0C208-85A3-A368-0232-7FD22FFDE13B}.Release|Any CPU.ActiveCfg = Release|Any CPU
		{98B0C208-85A3-A368-0232-7FD22FFDE13B}.Release|Any CPU.Build.0 = Release|Any CPU
		{23F39C6E-106B-7906-F156-BAED44A97325}.Debug|Any CPU.ActiveCfg = Debug|Any CPU
		{23F39C6E-106B-7906-F156-BAED44A97325}.Debug|Any CPU.Build.0 = Debug|Any CPU
		{23F39C6E-106B-7906-F156-BAED44A97325}.Release|Any CPU.ActiveCfg = Release|Any CPU
		{23F39C6E-106B-7906-F156-BAED44A97325}.Release|Any CPU.Build.0 = Release|Any CPU
	EndGlobalSection
	GlobalSection(SolutionProperties) = preSolution
		HideSolutionNode = FALSE
	EndGlobalSection
EndGlobal
