
Microsoft Visual Studio Solution File, Format Version 11.00
# Visual Studio 2010
Project("{FAE04EC0-301F-11D3-BF4B-00C04F79EFBC}") = "Low Poly Game Kit", "Assembly-CSharp.csproj", "{F5E46BD5-F2D2-EDAF-704E-73899150ED90}"
EndProject
Project("{FAE04EC0-301F-11D3-BF4B-00C04F79EFBC}") = "Low Poly Game Kit", "Assembly-CSharp-Editor.csproj", "{0C0BFCB4-B004-95C7-254E-AECC6DF20B4A}"
EndProject
Global
	GlobalSection(SolutionConfigurationPlatforms) = preSolution
		Debug|Any CPU = Debug|Any CPU
		Release|Any CPU = Release|Any CPU
	EndGlobalSection
	GlobalSection(ProjectConfigurationPlatforms) = postSolution
		{F5E46BD5-F2D2-EDAF-704E-73899150ED90}.Debug|Any CPU.ActiveCfg = Debug|Any CPU
		{F5E46BD5-F2D2-EDAF-704E-73899150ED90}.Debug|Any CPU.Build.0 = Debug|Any CPU
		{F5E46BD5-F2D2-EDAF-704E-73899150ED90}.Release|Any CPU.ActiveCfg = Release|Any CPU
		{F5E46BD5-F2D2-EDAF-704E-73899150ED90}.Release|Any CPU.Build.0 = Release|Any CPU
		{0C0BFCB4-B004-95C7-254E-AECC6DF20B4A}.Debug|Any CPU.ActiveCfg = Debug|Any CPU
		{0C0BFCB4-B004-95C7-254E-AECC6DF20B4A}.Debug|Any CPU.Build.0 = Debug|Any CPU
		{0C0BFCB4-B004-95C7-254E-AECC6DF20B4A}.Release|Any CPU.ActiveCfg = Release|Any CPU
		{0C0BFCB4-B004-95C7-254E-AECC6DF20B4A}.Release|Any CPU.Build.0 = Release|Any CPU
	EndGlobalSection
	GlobalSection(SolutionProperties) = preSolution
		HideSolutionNode = FALSE
	EndGlobalSection
	GlobalSection(MonoDevelopProperties) = preSolution
		StartupItem = Assembly-CSharp.csproj
	EndGlobalSection
EndGlobal
